
Microsoft Visual Studio Solution File, Format Version 12.00
# Visual Studio 15
VisualStudioVersion = 15.0.28307.271
MinimumVisualStudioVersion = 10.0.40219.1
Project("{8BC9CEB8-8B4A-11D0-8D11-00A0C91BC942}") = "Project1", "Project1\Project1.vcxproj", "{894F4B78-53D2-4AD2-92FB-9F7986F555A2}"
EndProject
Global
	GlobalSection(SolutionConfigurationPlatforms) = preSolution
		Debug|x64 = Debug|x64
		Debug|x86 = Debug|x86
		Release|x64 = Release|x64
		Release|x86 = Release|x86
	EndGlobalSection
	GlobalSection(ProjectConfigurationPlatforms) = postSolution
		{894F4B78-53D2-4AD2-92FB-9F7986F555A2}.Debug|x64.ActiveCfg = Debug|x64
		{894F4B78-53D2-4AD2-92FB-9F7986F555A2}.Debug|x64.Build.0 = Debug|x64
		{894F4B78-53D2-4AD2-92FB-9F7986F555A2}.Debug|x86.ActiveCfg = Debug|Win32
		{894F4B78-53D2-4AD2-92FB-9F7986F555A2}.Debug|x86.Build.0 = Debug|Win32
		{894F4B78-53D2-4AD2-92FB-9F7986F555A2}.Release|x64.ActiveCfg = Release|x64
		{894F4B78-53D2-4AD2-92FB-9F7986F555A2}.Release|x64.Build.0 = Release|x64
		{894F4B78-53D2-4AD2-92FB-9F7986F555A2}.Release|x86.ActiveCfg = Release|Win32
		{894F4B78-53D2-4AD2-92FB-9F7986F555A2}.Release|x86.Build.0 = Release|Win32
	EndGlobalSection
	GlobalSection(SolutionProperties) = preSolution
		HideSolutionNode = FALSE
	EndGlobalSection
	GlobalSection(ExtensibilityGlobals) = postSolution
		SolutionGuid = {CF1722F1-3A71-48D8-BB5E-507E103D83AF}
	EndGlobalSection
EndGlobal
